{
  "name": "@airejtashfeen/randompasswordgenerator",
  "version": "1.0.0",
  "lockfileVersion": 3,
  "requires": true,
  "packages": {
    "": {
      "name": "@airejtashfeen/randompasswordgenerator",
      "version": "1.0.0",
      "license": "ISC",
      "dependencies": {
        "@airejtashfeen/randompasswordgenerator": "^1.0.0"
      }
    },
    "node_modules/@airejtashfeen/randompasswordgenerator": {
      "version": "1.0.0",
      "resolved": "https://registry.npmjs.org/@airejtashfeen/randompasswordgenerator/-/randompasswordgenerator-1.0.0.tgz",
      "integrity": "sha512-hM4NMHSAjrHmfoCYEgmOMOjDE2GHyDnDx42Gp3Mw4I5onWwj6y27SCor9Vk3RUZHGvknEGbikEq6d8J3Thz2rQ=="
    }
  }
}
